// !$*UTF8*$!
{
	archiveVersion = 1;
	classes = {
	};
	objectVersion = 56;
	objects = {

/* Begin PBXBuildFile section */
		EA0B6FF52A06868300C8C968 /* DocumentView+ViewModel.swift in Sources */ = {isa = PBXBuildFile; fileRef = EA0B6FF42A06868300C8C968 /* DocumentView+ViewModel.swift */; };
		EA0B6FF72A0686D100C8C968 /* Utils.swift in Sources */ = {isa = PBXBuildFile; fileRef = EA0B6FF62A0686D100C8C968 /* Utils.swift */; };
		EA0B6FF92A0686F500C8C968 /* TextView.swift in Sources */ = {isa = PBXBuildFile; fileRef = EA0B6FF82A0686F500C8C968 /* TextView.swift */; };
		EA0B6FFB2A078A3E00C8C968 /* PromptsStorage.swift in Sources */ = {isa = PBXBuildFile; fileRef = EA0B6FFA2A078A3E00C8C968 /* PromptsStorage.swift */; };
		EA1CC1B92A0B9E6E00DF2D26 /* CommandLineView.swift in Sources */ = {isa = PBXBuildFile; fileRef = EA1CC1B82A0B9E6E00DF2D26 /* CommandLineView.swift */; };
		EA8BEF212A0151FE005F1A74 /* GenlyApp.swift in Sources */ = {isa = PBXBuildFile; fileRef = EA8BEF202A0151FE005F1A74 /* GenlyApp.swift */; };
		EA8BEF232A0151FE005F1A74 /* MainView.swift in Sources */ = {isa = PBXBuildFile; fileRef = EA8BEF222A0151FE005F1A74 /* MainView.swift */; };
		EA8BEF252A0151FF005F1A74 /* Assets.xcassets in Resources */ = {isa = PBXBuildFile; fileRef = EA8BEF242A0151FF005F1A74 /* Assets.xcassets */; };
		EA8BEF282A0151FF005F1A74 /* Preview Assets.xcassets in Resources */ = {isa = PBXBuildFile; fileRef = EA8BEF272A0151FF005F1A74 /* Preview Assets.xcassets */; };
		EA8BEF332A015277005F1A74 /* RichTextKit in Frameworks */ = {isa = PBXBuildFile; productRef = EA8BEF322A015277005F1A74 /* RichTextKit */; };
		EA8BEF392A015B52005F1A74 /* AppConfigStorage.swift in Sources */ = {isa = PBXBuildFile; fileRef = EA8BEF382A015B52005F1A74 /* AppConfigStorage.swift */; };
		EA8BEF3B2A015DCF005F1A74 /* ApiKeyView.swift in Sources */ = {isa = PBXBuildFile; fileRef = EA8BEF3A2A015DCF005F1A74 /* ApiKeyView.swift */; };
		EA8BEF3E2A0165DF005F1A74 /* SideBarView.swift in Sources */ = {isa = PBXBuildFile; fileRef = EA8BEF3D2A0165DF005F1A74 /* SideBarView.swift */; };
		EAC237B72A08FD6600748EC4 /* Font.swift in Sources */ = {isa = PBXBuildFile; fileRef = EAC237B62A08FD6600748EC4 /* Font.swift */; };
		EAC3BCB32A01710E00D0B5BF /* DocumentView.swift in Sources */ = {isa = PBXBuildFile; fileRef = EAC3BCB22A01710E00D0B5BF /* DocumentView.swift */; };
		EAC3BCB52A01846300D0B5BF /* OpenAIAPI.swift in Sources */ = {isa = PBXBuildFile; fileRef = EAC3BCB42A01846300D0B5BF /* OpenAIAPI.swift */; };
		EAC3BCB72A01849600D0B5BF /* AlamofireNetworkClient.swift in Sources */ = {isa = PBXBuildFile; fileRef = EAC3BCB62A01849600D0B5BF /* AlamofireNetworkClient.swift */; };
		EAC3BCB92A0184A800D0B5BF /* Promise.swift in Sources */ = {isa = PBXBuildFile; fileRef = EAC3BCB82A0184A800D0B5BF /* Promise.swift */; };
		EAC3BCBC2A0184B900D0B5BF /* Alamofire in Frameworks */ = {isa = PBXBuildFile; productRef = EAC3BCBB2A0184B900D0B5BF /* Alamofire */; };
		EAC3BCBE2A02880300D0B5BF /* TextControlsPane.swift in Sources */ = {isa = PBXBuildFile; fileRef = EAC3BCBD2A02880300D0B5BF /* TextControlsPane.swift */; };
		EAC3BCC22A02D09100D0B5BF /* DocumentStorage.swift in Sources */ = {isa = PBXBuildFile; fileRef = EAC3BCC12A02D09100D0B5BF /* DocumentStorage.swift */; };
		EAC3BCC42A03B7B600D0B5BF /* CommandsView.swift in Sources */ = {isa = PBXBuildFile; fileRef = EAC3BCC32A03B7B600D0B5BF /* CommandsView.swift */; };
/* End PBXBuildFile section */

/* Begin PBXFileReference section */
		EA0B6FF42A06868300C8C968 /* DocumentView+ViewModel.swift */ = {isa = PBXFileReference; lastKnownFileType = sourcecode.swift; path = "DocumentView+ViewModel.swift"; sourceTree = "<group>"; };
		EA0B6FF62A0686D100C8C968 /* Utils.swift */ = {isa = PBXFileReference; lastKnownFileType = sourcecode.swift; path = Utils.swift; sourceTree = "<group>"; };
		EA0B6FF82A0686F500C8C968 /* TextView.swift */ = {isa = PBXFileReference; lastKnownFileType = sourcecode.swift; path = TextView.swift; sourceTree = "<group>"; };
		EA0B6FFA2A078A3E00C8C968 /* PromptsStorage.swift */ = {isa = PBXFileReference; lastKnownFileType = sourcecode.swift; path = PromptsStorage.swift; sourceTree = "<group>"; };
		EA1CC1B82A0B9E6E00DF2D26 /* CommandLineView.swift */ = {isa = PBXFileReference; lastKnownFileType = sourcecode.swift; path = CommandLineView.swift; sourceTree = "<group>"; };
		EA8BEF1D2A0151FE005F1A74 /* Genly.app */ = {isa = PBXFileReference; explicitFileType = wrapper.application; includeInIndex = 0; path = Genly.app; sourceTree = BUILT_PRODUCTS_DIR; };
		EA8BEF202A0151FE005F1A74 /* GenlyApp.swift */ = {isa = PBXFileReference; lastKnownFileType = sourcecode.swift; path = GenlyApp.swift; sourceTree = "<group>"; };
		EA8BEF222A0151FE005F1A74 /* MainView.swift */ = {isa = PBXFileReference; lastKnownFileType = sourcecode.swift; path = MainView.swift; sourceTree = "<group>"; };
		EA8BEF242A0151FF005F1A74 /* Assets.xcassets */ = {isa = PBXFileReference; lastKnownFileType = folder.assetcatalog; path = Assets.xcassets; sourceTree = "<group>"; };
		EA8BEF272A0151FF005F1A74 /* Preview Assets.xcassets */ = {isa = PBXFileReference; lastKnownFileType = folder.assetcatalog; path = "Preview Assets.xcassets"; sourceTree = "<group>"; };
		EA8BEF292A0151FF005F1A74 /* Genly.entitlements */ = {isa = PBXFileReference; lastKnownFileType = text.plist.entitlements; path = Genly.entitlements; sourceTree = "<group>"; };
		EA8BEF382A015B52005F1A74 /* AppConfigStorage.swift */ = {isa = PBXFileReference; lastKnownFileType = sourcecode.swift; path = AppConfigStorage.swift; sourceTree = "<group>"; };
		EA8BEF3A2A015DCF005F1A74 /* ApiKeyView.swift */ = {isa = PBXFileReference; lastKnownFileType = sourcecode.swift; path = ApiKeyView.swift; sourceTree = "<group>"; };
		EA8BEF3D2A0165DF005F1A74 /* SideBarView.swift */ = {isa = PBXFileReference; lastKnownFileType = sourcecode.swift; path = SideBarView.swift; sourceTree = "<group>"; };
		EAC237B62A08FD6600748EC4 /* Font.swift */ = {isa = PBXFileReference; lastKnownFileType = sourcecode.swift; path = Font.swift; sourceTree = "<group>"; };
		EAC3BCB22A01710E00D0B5BF /* DocumentView.swift */ = {isa = PBXFileReference; lastKnownFileType = sourcecode.swift; path = DocumentView.swift; sourceTree = "<group>"; };
		EAC3BCB42A01846300D0B5BF /* OpenAIAPI.swift */ = {isa = PBXFileReference; lastKnownFileType = sourcecode.swift; path = OpenAIAPI.swift; sourceTree = "<group>"; };
		EAC3BCB62A01849600D0B5BF /* AlamofireNetworkClient.swift */ = {isa = PBXFileReference; lastKnownFileType = sourcecode.swift; path = AlamofireNetworkClient.swift; sourceTree = "<group>"; };
		EAC3BCB82A0184A800D0B5BF /* Promise.swift */ = {isa = PBXFileReference; lastKnownFileType = sourcecode.swift; path = Promise.swift; sourceTree = "<group>"; };
		EAC3BCBD2A02880300D0B5BF /* TextControlsPane.swift */ = {isa = PBXFileReference; lastKnownFileType = sourcecode.swift; path = TextControlsPane.swift; sourceTree = "<group>"; };
		EAC3BCC12A02D09100D0B5BF /* DocumentStorage.swift */ = {isa = PBXFileReference; lastKnownFileType = sourcecode.swift; path = DocumentStorage.swift; sourceTree = "<group>"; };
		EAC3BCC32A03B7B600D0B5BF /* CommandsView.swift */ = {isa = PBXFileReference; lastKnownFileType = sourcecode.swift; path = CommandsView.swift; sourceTree = "<group>"; };
/* End PBXFileReference section */

/* Begin PBXFrameworksBuildPhase section */
		EA8BEF1A2A0151FE005F1A74 /* Frameworks */ = {
			isa = PBXFrameworksBuildPhase;
			buildActionMask = 2147483647;
			files = (
				EA8BEF332A015277005F1A74 /* RichTextKit in Frameworks */,
				EAC3BCBC2A0184B900D0B5BF /* Alamofire in Frameworks */,
			);
			runOnlyForDeploymentPostprocessing = 0;
		};
/* End PBXFrameworksBuildPhase section */

/* Begin PBXGroup section */
		EA0B6FF32A06867700C8C968 /* Document */ = {
			isa = PBXGroup;
			children = (
				EAC3BCC32A03B7B600D0B5BF /* CommandsView.swift */,
				EAC3BCBD2A02880300D0B5BF /* TextControlsPane.swift */,
				EAC3BCB22A01710E00D0B5BF /* DocumentView.swift */,
				EA0B6FF42A06868300C8C968 /* DocumentView+ViewModel.swift */,
				EA0B6FF82A0686F500C8C968 /* TextView.swift */,
				EA1CC1B82A0B9E6E00DF2D26 /* CommandLineView.swift */,
				EA0B6FF62A0686D100C8C968 /* Utils.swift */,
			);
			path = Document;
			sourceTree = "<group>";
		};
		EA8BEF142A0151FE005F1A74 = {
			isa = PBXGroup;
			children = (
				EA8BEF1F2A0151FE005F1A74 /* Genly */,
				EA8BEF1E2A0151FE005F1A74 /* Products */,
				EA8BEF312A015277005F1A74 /* Frameworks */,
			);
			sourceTree = "<group>";
		};
		EA8BEF1E2A0151FE005F1A74 /* Products */ = {
			isa = PBXGroup;
			children = (
				EA8BEF1D2A0151FE005F1A74 /* Genly.app */,
			);
			name = Products;
			sourceTree = "<group>";
		};
		EA8BEF1F2A0151FE005F1A74 /* Genly */ = {
			isa = PBXGroup;
			children = (
				EA8BEF292A0151FF005F1A74 /* Genly.entitlements */,
				EAC3BCBF2A02CFE800D0B5BF /* Resources */,
				EAC3BCC02A02D07C00D0B5BF /* Common */,
				EA8BEF3C2A0165BD005F1A74 /* Views */,
			);
			path = Genly;
			sourceTree = "<group>";
		};
		EA8BEF262A0151FF005F1A74 /* Preview Content */ = {
			isa = PBXGroup;
			children = (
				EA8BEF272A0151FF005F1A74 /* Preview Assets.xcassets */,
			);
			path = "Preview Content";
			sourceTree = "<group>";
		};
		EA8BEF312A015277005F1A74 /* Frameworks */ = {
			isa = PBXGroup;
			children = (
			);
			name = Frameworks;
			sourceTree = "<group>";
		};
		EA8BEF3C2A0165BD005F1A74 /* Views */ = {
			isa = PBXGroup;
			children = (
				EA0B6FF32A06867700C8C968 /* Document */,
				EA8BEF202A0151FE005F1A74 /* GenlyApp.swift */,
				EA8BEF222A0151FE005F1A74 /* MainView.swift */,
				EA8BEF3A2A015DCF005F1A74 /* ApiKeyView.swift */,
				EA8BEF3D2A0165DF005F1A74 /* SideBarView.swift */,
			);
			path = Views;
			sourceTree = "<group>";
		};
		EAC3BCBF2A02CFE800D0B5BF /* Resources */ = {
			isa = PBXGroup;
			children = (
				EA8BEF242A0151FF005F1A74 /* Assets.xcassets */,
				EA8BEF262A0151FF005F1A74 /* Preview Content */,
			);
			path = Resources;
			sourceTree = "<group>";
		};
		EAC3BCC02A02D07C00D0B5BF /* Common */ = {
			isa = PBXGroup;
			children = (
				EA8BEF382A015B52005F1A74 /* AppConfigStorage.swift */,
				EAC3BCC12A02D09100D0B5BF /* DocumentStorage.swift */,
				EA0B6FFA2A078A3E00C8C968 /* PromptsStorage.swift */,
				EAC3BCB42A01846300D0B5BF /* OpenAIAPI.swift */,
				EAC3BCB62A01849600D0B5BF /* AlamofireNetworkClient.swift */,
				EAC3BCB82A0184A800D0B5BF /* Promise.swift */,
				EAC237B62A08FD6600748EC4 /* Font.swift */,
			);
			path = Common;
			sourceTree = "<group>";
		};
/* End PBXGroup section */

/* Begin PBXNativeTarget section */
		EA8BEF1C2A0151FE005F1A74 /* Genly */ = {
			isa = PBXNativeTarget;
			buildConfigurationList = EA8BEF2C2A0151FF005F1A74 /* Build configuration list for PBXNativeTarget "Genly" */;
			buildPhases = (
				EA8BEF192A0151FE005F1A74 /* Sources */,
				EA8BEF1A2A0151FE005F1A74 /* Frameworks */,
				EA8BEF1B2A0151FE005F1A74 /* Resources */,
			);
			buildRules = (
			);
			dependencies = (
			);
			name = Genly;
			packageProductDependencies = (
				EA8BEF322A015277005F1A74 /* RichTextKit */,
				EAC3BCBB2A0184B900D0B5BF /* Alamofire */,
			);
			productName = Genly;
			productReference = EA8BEF1D2A0151FE005F1A74 /* Genly.app */;
			productType = "com.apple.product-type.application";
		};
/* End PBXNativeTarget section */

/* Begin PBXProject section */
		EA8BEF152A0151FE005F1A74 /* Project object */ = {
			isa = PBXProject;
			attributes = {
				BuildIndependentTargetsInParallel = 1;
				LastSwiftUpdateCheck = 1430;
				LastUpgradeCheck = 1430;
				TargetAttributes = {
					EA8BEF1C2A0151FE005F1A74 = {
						CreatedOnToolsVersion = 14.3;
					};
				};
			};
			buildConfigurationList = EA8BEF182A0151FE005F1A74 /* Build configuration list for PBXProject "Genly" */;
			compatibilityVersion = "Xcode 14.0";
			developmentRegion = en;
			hasScannedForEncodings = 0;
			knownRegions = (
				en,
				Base,
			);
			mainGroup = EA8BEF142A0151FE005F1A74;
			packageReferences = (
				EA8BEF2F2A015222005F1A74 /* XCRemoteSwiftPackageReference "RichTextKit" */,
				EAC3BCBA2A0184B900D0B5BF /* XCRemoteSwiftPackageReference "Alamofire" */,
			);
			productRefGroup = EA8BEF1E2A0151FE005F1A74 /* Products */;
			projectDirPath = "";
			projectRoot = "";
			targets = (
				EA8BEF1C2A0151FE005F1A74 /* Genly */,
			);
		};
/* End PBXProject section */

/* Begin PBXResourcesBuildPhase section */
		EA8BEF1B2A0151FE005F1A74 /* Resources */ = {
			isa = PBXResourcesBuildPhase;
			buildActionMask = 2147483647;
			files = (
				EA8BEF282A0151FF005F1A74 /* Preview Assets.xcassets in Resources */,
				EA8BEF252A0151FF005F1A74 /* Assets.xcassets in Resources */,
			);
			runOnlyForDeploymentPostprocessing = 0;
		};
/* End PBXResourcesBuildPhase section */

/* Begin PBXSourcesBuildPhase section */
		EA8BEF192A0151FE005F1A74 /* Sources */ = {
			isa = PBXSourcesBuildPhase;
			buildActionMask = 2147483647;
			files = (
				EAC3BCB52A01846300D0B5BF /* OpenAIAPI.swift in Sources */,
				EAC3BCBE2A02880300D0B5BF /* TextControlsPane.swift in Sources */,
				EA8BEF232A0151FE005F1A74 /* MainView.swift in Sources */,
				EA0B6FF72A0686D100C8C968 /* Utils.swift in Sources */,
				EAC3BCB72A01849600D0B5BF /* AlamofireNetworkClient.swift in Sources */,
				EA8BEF392A015B52005F1A74 /* AppConfigStorage.swift in Sources */,
				EA8BEF3E2A0165DF005F1A74 /* SideBarView.swift in Sources */,
				EAC3BCC22A02D09100D0B5BF /* DocumentStorage.swift in Sources */,
				EA8BEF212A0151FE005F1A74 /* GenlyApp.swift in Sources */,
				EA0B6FFB2A078A3E00C8C968 /* PromptsStorage.swift in Sources */,
				EA0B6FF92A0686F500C8C968 /* TextView.swift in Sources */,
				EAC3BCB92A0184A800D0B5BF /* Promise.swift in Sources */,
				EAC237B72A08FD6600748EC4 /* Font.swift in Sources */,
				EA0B6FF52A06868300C8C968 /* DocumentView+ViewModel.swift in Sources */,
				EA8BEF3B2A015DCF005F1A74 /* ApiKeyView.swift in Sources */,
				EA1CC1B92A0B9E6E00DF2D26 /* CommandLineView.swift in Sources */,
				EAC3BCC42A03B7B600D0B5BF /* CommandsView.swift in Sources */,
				EAC3BCB32A01710E00D0B5BF /* DocumentView.swift in Sources */,
			);
			runOnlyForDeploymentPostprocessing = 0;
		};
/* End PBXSourcesBuildPhase section */

/* Begin XCBuildConfiguration section */
		EA8BEF2A2A0151FF005F1A74 /* Debug */ = {
			isa = XCBuildConfiguration;
			buildSettings = {
				ALWAYS_SEARCH_USER_PATHS = NO;
				CLANG_ANALYZER_NONNULL = YES;
				CLANG_ANALYZER_NUMBER_OBJECT_CONVERSION = YES_AGGRESSIVE;
				CLANG_CXX_LANGUAGE_STANDARD = "gnu++20";
				CLANG_ENABLE_MODULES = YES;
				CLANG_ENABLE_OBJC_ARC = YES;
				CLANG_ENABLE_OBJC_WEAK = YES;
				CLANG_WARN_BLOCK_CAPTURE_AUTORELEASING = YES;
				CLANG_WARN_BOOL_CONVERSION = YES;
				CLANG_WARN_COMMA = YES;
				CLANG_WARN_CONSTANT_CONVERSION = YES;
				CLANG_WARN_DEPRECATED_OBJC_IMPLEMENTATIONS = YES;
				CLANG_WARN_DIRECT_OBJC_ISA_USAGE = YES_ERROR;
				CLANG_WARN_DOCUMENTATION_COMMENTS = YES;
				CLANG_WARN_EMPTY_BODY = YES;
				CLANG_WARN_ENUM_CONVERSION = YES;
				CLANG_WARN_INFINITE_RECURSION = YES;
				CLANG_WARN_INT_CONVERSION = YES;
				CLANG_WARN_NON_LITERAL_NULL_CONVERSION = YES;
				CLANG_WARN_OBJC_IMPLICIT_RETAIN_SELF = YES;
				CLANG_WARN_OBJC_LITERAL_CONVERSION = YES;
				CLANG_WARN_OBJC_ROOT_CLASS = YES_ERROR;
				CLANG_WARN_QUOTED_INCLUDE_IN_FRAMEWORK_HEADER = YES;
				CLANG_WARN_RANGE_LOOP_ANALYSIS = YES;
				CLANG_WARN_STRICT_PROTOTYPES = YES;
				CLANG_WARN_SUSPICIOUS_MOVE = YES;
				CLANG_WARN_UNGUARDED_AVAILABILITY = YES_AGGRESSIVE;
				CLANG_WARN_UNREACHABLE_CODE = YES;
				CLANG_WARN__DUPLICATE_METHOD_MATCH = YES;
				COPY_PHASE_STRIP = NO;
				DEBUG_INFORMATION_FORMAT = dwarf;
				ENABLE_STRICT_OBJC_MSGSEND = YES;
				ENABLE_TESTABILITY = YES;
				GCC_C_LANGUAGE_STANDARD = gnu11;
				GCC_DYNAMIC_NO_PIC = NO;
				GCC_NO_COMMON_BLOCKS = YES;
				GCC_OPTIMIZATION_LEVEL = 0;
				GCC_PREPROCESSOR_DEFINITIONS = (
					"DEBUG=1",
					"$(inherited)",
				);
				GCC_WARN_64_TO_32_BIT_CONVERSION = YES;
				GCC_WARN_ABOUT_RETURN_TYPE = YES_ERROR;
				GCC_WARN_UNDECLARED_SELECTOR = YES;
				GCC_WARN_UNINITIALIZED_AUTOS = YES_AGGRESSIVE;
				GCC_WARN_UNUSED_FUNCTION = YES;
				GCC_WARN_UNUSED_VARIABLE = YES;
				MACOSX_DEPLOYMENT_TARGET = 13.2;
				MTL_ENABLE_DEBUG_INFO = INCLUDE_SOURCE;
				MTL_FAST_MATH = YES;
				ONLY_ACTIVE_ARCH = YES;
				SDKROOT = macosx;
				SWIFT_ACTIVE_COMPILATION_CONDITIONS = DEBUG;
				SWIFT_OPTIMIZATION_LEVEL = "-Onone";
			};
			name = Debug;
		};
		EA8BEF2B2A0151FF005F1A74 /* Release */ = {
			isa = XCBuildConfiguration;
			buildSettings = {
				ALWAYS_SEARCH_USER_PATHS = NO;
				CLANG_ANALYZER_NONNULL = YES;
				CLANG_ANALYZER_NUMBER_OBJECT_CONVERSION = YES_AGGRESSIVE;
				CLANG_CXX_LANGUAGE_STANDARD = "gnu++20";
				CLANG_ENABLE_MODULES = YES;
				CLANG_ENABLE_OBJC_ARC = YES;
				CLANG_ENABLE_OBJC_WEAK = YES;
				CLANG_WARN_BLOCK_CAPTURE_AUTORELEASING = YES;
				CLANG_WARN_BOOL_CONVERSION = YES;
				CLANG_WARN_COMMA = YES;
				CLANG_WARN_CONSTANT_CONVERSION = YES;
				CLANG_WARN_DEPRECATED_OBJC_IMPLEMENTATIONS = YES;
				CLANG_WARN_DIRECT_OBJC_ISA_USAGE = YES_ERROR;
				CLANG_WARN_DOCUMENTATION_COMMENTS = YES;
				CLANG_WARN_EMPTY_BODY = YES;
				CLANG_WARN_ENUM_CONVERSION = YES;
				CLANG_WARN_INFINITE_RECURSION = YES;
				CLANG_WARN_INT_CONVERSION = YES;
				CLANG_WARN_NON_LITERAL_NULL_CONVERSION = YES;
				CLANG_WARN_OBJC_IMPLICIT_RETAIN_SELF = YES;
				CLANG_WARN_OBJC_LITERAL_CONVERSION = YES;
				CLANG_WARN_OBJC_ROOT_CLASS = YES_ERROR;
				CLANG_WARN_QUOTED_INCLUDE_IN_FRAMEWORK_HEADER = YES;
				CLANG_WARN_RANGE_LOOP_ANALYSIS = YES;
				CLANG_WARN_STRICT_PROTOTYPES = YES;
				CLANG_WARN_SUSPICIOUS_MOVE = YES;
				CLANG_WARN_UNGUARDED_AVAILABILITY = YES_AGGRESSIVE;
				CLANG_WARN_UNREACHABLE_CODE = YES;
				CLANG_WARN__DUPLICATE_METHOD_MATCH = YES;
				COPY_PHASE_STRIP = NO;
				DEBUG_INFORMATION_FORMAT = "dwarf-with-dsym";
				ENABLE_NS_ASSERTIONS = NO;
				ENABLE_STRICT_OBJC_MSGSEND = YES;
				GCC_C_LANGUAGE_STANDARD = gnu11;
				GCC_NO_COMMON_BLOCKS = YES;
				GCC_WARN_64_TO_32_BIT_CONVERSION = YES;
				GCC_WARN_ABOUT_RETURN_TYPE = YES_ERROR;
				GCC_WARN_UNDECLARED_SELECTOR = YES;
				GCC_WARN_UNINITIALIZED_AUTOS = YES_AGGRESSIVE;
				GCC_WARN_UNUSED_FUNCTION = YES;
				GCC_WARN_UNUSED_VARIABLE = YES;
				MACOSX_DEPLOYMENT_TARGET = 13.2;
				MTL_ENABLE_DEBUG_INFO = NO;
				MTL_FAST_MATH = YES;
				SDKROOT = macosx;
				SWIFT_COMPILATION_MODE = wholemodule;
				SWIFT_OPTIMIZATION_LEVEL = "-O";
			};
			name = Release;
		};
		EA8BEF2D2A0151FF005F1A74 /* Debug */ = {
			isa = XCBuildConfiguration;
			buildSettings = {
				ASSETCATALOG_COMPILER_APPICON_NAME = AppIcon;
				ASSETCATALOG_COMPILER_GLOBAL_ACCENT_COLOR_NAME = AccentColor;
				CODE_SIGN_ENTITLEMENTS = Genly/Genly.entitlements;
				"CODE_SIGN_IDENTITY[sdk=macosx*]" = "-";
				CODE_SIGN_STYLE = Automatic;
				COMBINE_HIDPI_IMAGES = YES;
				CURRENT_PROJECT_VERSION = 1;
				DEVELOPMENT_ASSET_PATHS = "\"Genly/Resources/Preview Content\"";
				DEVELOPMENT_TEAM = R8R49GQMU4;
				ENABLE_HARDENED_RUNTIME = YES;
				ENABLE_PREVIEWS = YES;
				GENERATE_INFOPLIST_FILE = YES;
				INFOPLIST_KEY_NSHumanReadableCopyright = "";
				LD_RUNPATH_SEARCH_PATHS = (
					"$(inherited)",
					"@executable_path/../Frameworks",
				);
				MACOSX_DEPLOYMENT_TARGET = 13.0;
				MARKETING_VERSION = 1.0;
				PRODUCT_BUNDLE_IDENTIFIER = com.tss.genly.Genly;
				PRODUCT_NAME = "$(TARGET_NAME)";
				SUPPORTED_PLATFORMS = "iphoneos iphonesimulator macosx";
				SUPPORTS_MACCATALYST = NO;
				SUPPORTS_MAC_DESIGNED_FOR_IPHONE_IPAD = NO;
				SWIFT_EMIT_LOC_STRINGS = YES;
				SWIFT_VERSION = 5.0;
				TARGETED_DEVICE_FAMILY = 1;
			};
			name = Debug;
		};
		EA8BEF2E2A0151FF005F1A74 /* Release */ = {
			isa = XCBuildConfiguration;
			buildSettings = {
				ASSETCATALOG_COMPILER_APPICON_NAME = AppIcon;
				ASSETCATALOG_COMPILER_GLOBAL_ACCENT_COLOR_NAME = AccentColor;
				CODE_SIGN_ENTITLEMENTS = Genly/Genly.entitlements;
				"CODE_SIGN_IDENTITY[sdk=macosx*]" = "-";
				CODE_SIGN_STYLE = Automatic;
				COMBINE_HIDPI_IMAGES = YES;
				CURRENT_PROJECT_VERSION = 1;
				DEVELOPMENT_ASSET_PATHS = "\"Genly/Resources/Preview Content\"";
				DEVELOPMENT_TEAM = R8R49GQMU4;
				ENABLE_HARDENED_RUNTIME = YES;
				ENABLE_PREVIEWS = YES;
				GENERATE_INFOPLIST_FILE = YES;
				INFOPLIST_KEY_NSHumanReadableCopyright = "";
				LD_RUNPATH_SEARCH_PATHS = (
					"$(inherited)",
					"@executable_path/../Frameworks",
				);
				MACOSX_DEPLOYMENT_TARGET = 13.0;
				MARKETING_VERSION = 1.0;
				PRODUCT_BUNDLE_IDENTIFIER = com.tss.genly.Genly;
				PRODUCT_NAME = "$(TARGET_NAME)";
				SUPPORTED_PLATFORMS = "iphoneos iphonesimulator macosx";
				SUPPORTS_MACCATALYST = NO;
				SUPPORTS_MAC_DESIGNED_FOR_IPHONE_IPAD = NO;
				SWIFT_EMIT_LOC_STRINGS = YES;
				SWIFT_VERSION = 5.0;
				TARGETED_DEVICE_FAMILY = 1;
			};
			name = Release;
		};
/* End XCBuildConfiguration section */

/* Begin XCConfigurationList section */
		EA8BEF182A0151FE005F1A74 /* Build configuration list for PBXProject "Genly" */ = {
			isa = XCConfigurationList;
			buildConfigurations = (
				EA8BEF2A2A0151FF005F1A74 /* Debug */,
				EA8BEF2B2A0151FF005F1A74 /* Release */,
			);
			defaultConfigurationIsVisible = 0;
			defaultConfigurationName = Release;
		};
		EA8BEF2C2A0151FF005F1A74 /* Build configuration list for PBXNativeTarget "Genly" */ = {
			isa = XCConfigurationList;
			buildConfigurations = (
				EA8BEF2D2A0151FF005F1A74 /* Debug */,
				EA8BEF2E2A0151FF005F1A74 /* Release */,
			);
			defaultConfigurationIsVisible = 0;
			defaultConfigurationName = Release;
		};
/* End XCConfigurationList section */

/* Begin XCRemoteSwiftPackageReference section */
		EA8BEF2F2A015222005F1A74 /* XCRemoteSwiftPackageReference "RichTextKit" */ = {
			isa = XCRemoteSwiftPackageReference;
			repositoryURL = "https://github.com/danielsaidi/RichTextKit.git";
			requirement = {
				kind = upToNextMajorVersion;
				minimumVersion = 0.5.2;
			};
		};
		EAC3BCBA2A0184B900D0B5BF /* XCRemoteSwiftPackageReference "Alamofire" */ = {
			isa = XCRemoteSwiftPackageReference;
			repositoryURL = "https://github.com/Alamofire/Alamofire";
			requirement = {
				kind = upToNextMajorVersion;
				minimumVersion = 5.0.0;
			};
		};
/* End XCRemoteSwiftPackageReference section */

/* Begin XCSwiftPackageProductDependency section */
		EA8BEF322A015277005F1A74 /* RichTextKit */ = {
			isa = XCSwiftPackageProductDependency;
			package = EA8BEF2F2A015222005F1A74 /* XCRemoteSwiftPackageReference "RichTextKit" */;
			productName = RichTextKit;
		};
		EAC3BCBB2A0184B900D0B5BF /* Alamofire */ = {
			isa = XCSwiftPackageProductDependency;
			package = EAC3BCBA2A0184B900D0B5BF /* XCRemoteSwiftPackageReference "Alamofire" */;
			productName = Alamofire;
		};
/* End XCSwiftPackageProductDependency section */
	};
	rootObject = EA8BEF152A0151FE005F1A74 /* Project object */;
}
